{
  "name": "CSE-3311-",
  "lockfileVersion": 3,
  "requires": true,
  "packages": {
    "": {
      "devDependencies": {
        "flow-bin": "^0.307.0"
      }
    },
    "node_modules/flow-bin": {
      "version": "0.307.0",
      "resolved": "https://registry.npmjs.org/flow-bin/-/flow-bin-0.307.0.tgz",
      "integrity": "sha512-VJbgwkNCgaY8p9eCzw1Iv1Y76Pxi0KjgIjeABOWMlp2NiJRATnNxz6mhqPs31+5g2JBwab4qchtynE2qLTwb9g==",
      "dev": true,
      "license": "MIT",
      "bin": {
        "flow": "cli.js"
      },
      "engines": {
        "node": ">=0.10.0"
      }
    }
  }
}
